
Microsoft Visual Studio Solution File, Format Version 12.00
# Visual Studio 15
VisualStudioVersion = 15.0.27130.2027
MinimumVisualStudioVersion = 10.0.40219.1
Project("{FAE04EC0-301F-11D3-BF4B-00C04F79EFBC}") = "Website", "Website.csproj", "{4953AAA9-9F2A-4A27-B95D-53A514E60418}"
EndProject
Project("{FAE04EC0-301F-11D3-BF4B-00C04F79EFBC}") = "Events.UnitTests", "..\Events.UnitTests\Events.UnitTests.csproj", "{CAF38721-55C6-4CB1-ACC1-E130EF0C3F79}"
EndProject
Global
	GlobalSection(SolutionConfigurationPlatforms) = preSolution
		Debug|Any CPU = Debug|Any CPU
		Release|Any CPU = Release|Any CPU
	EndGlobalSection
	GlobalSection(ProjectConfigurationPlatforms) = postSolution
		{4953AAA9-9F2A-4A27-B95D-53A514E60418}.Debug|Any CPU.ActiveCfg = Debug|Any CPU
		{4953AAA9-9F2A-4A27-B95D-53A514E60418}.Debug|Any CPU.Build.0 = Debug|Any CPU
		{4953AAA9-9F2A-4A27-B95D-53A514E60418}.Release|Any CPU.ActiveCfg = Release|Any CPU
		{4953AAA9-9F2A-4A27-B95D-53A514E60418}.Release|Any CPU.Build.0 = Release|Any CPU
		{CAF38721-55C6-4CB1-ACC1-E130EF0C3F79}.Debug|Any CPU.ActiveCfg = Debug|Any CPU
		{CAF38721-55C6-4CB1-ACC1-E130EF0C3F79}.Debug|Any CPU.Build.0 = Debug|Any CPU
		{CAF38721-55C6-4CB1-ACC1-E130EF0C3F79}.Release|Any CPU.ActiveCfg = Release|Any CPU
		{CAF38721-55C6-4CB1-ACC1-E130EF0C3F79}.Release|Any CPU.Build.0 = Release|Any CPU
	EndGlobalSection
	GlobalSection(SolutionProperties) = preSolution
		HideSolutionNode = FALSE
	EndGlobalSection
	GlobalSection(ExtensibilityGlobals) = postSolution
		SolutionGuid = {DA8D6E15-485F-4E9A-9C92-28E2923BF884}
	EndGlobalSection
EndGlobal
